
Microsoft Visual Studio Solution File, Format Version 12.00
# Visual Studio Version 17
VisualStudioVersion = 17.0.31903.59
MinimumVisualStudioVersion = 10.0.40219.1
Project("{FAE04EC0-301F-11D3-BF4B-00C04F79EFBC}") = "Boxty.ClientApp", "Boxty.ClientApp.csproj", "{CBF6B7CD-6C18-430F-AEAF-40F2FA121176}"
EndProject
Global
	GlobalSection(SolutionConfigurationPlatforms) = preSolution
		Debug|Any CPU = Debug|Any CPU
		Release|Any CPU = Release|Any CPU
	EndGlobalSection
	GlobalSection(SolutionProperties) = preSolution
		HideSolutionNode = FALSE
	EndGlobalSection
	GlobalSection(ProjectConfigurationPlatforms) = postSolution
		{CBF6B7CD-6C18-430F-AEAF-40F2FA121176}.Debug|Any CPU.ActiveCfg = Debug|Any CPU
		{CBF6B7CD-6C18-430F-AEAF-40F2FA121176}.Debug|Any CPU.Build.0 = Debug|Any CPU
		{CBF6B7CD-6C18-430F-AEAF-40F2FA121176}.Release|Any CPU.ActiveCfg = Release|Any CPU
		{CBF6B7CD-6C18-430F-AEAF-40F2FA121176}.Release|Any CPU.Build.0 = Release|Any CPU
	EndGlobalSection
EndGlobal
